
Microsoft Visual Studio Solution File, Format Version 12.00
# Visual Studio Version 17
VisualStudioVersion = 17.7.34018.315
MinimumVisualStudioVersion = 10.0.40219.1
Project("{FAE04EC0-301F-11D3-BF4B-00C04F79EFBC}") = "Klasser uppgift1", "Klasser uppgift1\Klasser uppgift1.csproj", "{0769B910-C442-43F0-8001-2088BC5362F4}"
EndProject
Global
	GlobalSection(SolutionConfigurationPlatforms) = preSolution
		Debug|Any CPU = Debug|Any CPU
		Release|Any CPU = Release|Any CPU
	EndGlobalSection
	GlobalSection(ProjectConfigurationPlatforms) = postSolution
		{0769B910-C442-43F0-8001-2088BC5362F4}.Debug|Any CPU.ActiveCfg = Debug|Any CPU
		{0769B910-C442-43F0-8001-2088BC5362F4}.Debug|Any CPU.Build.0 = Debug|Any CPU
		{0769B910-C442-43F0-8001-2088BC5362F4}.Release|Any CPU.ActiveCfg = Release|Any CPU
		{0769B910-C442-43F0-8001-2088BC5362F4}.Release|Any CPU.Build.0 = Release|Any CPU
	EndGlobalSection
	GlobalSection(SolutionProperties) = preSolution
		HideSolutionNode = FALSE
	EndGlobalSection
	GlobalSection(ExtensibilityGlobals) = postSolution
		SolutionGuid = {9318EB8A-7091-47D9-9D03-108D996A0E2B}
	EndGlobalSection
EndGlobal
